
Microsoft Visual Studio Solution File, Format Version 12.00
# Visual Studio Version 17
VisualStudioVersion = 17.0.31903.59
MinimumVisualStudioVersion = 10.0.40219.1
Project("{2150E333-8FDC-42A3-9474-1A3956D46DE8}") = "Shared", "Shared", "{24DDAD28-9B4F-42F8-B1BF-1FBE99E78E77}"
EndProject
Project("{FAE04EC0-301F-11D3-BF4B-00C04F79EFBC}") = "Employee.Shared", "Shared\Employee.Shared\Employee.Shared.csproj", "{FE22D89F-7ACC-4BAE-AEAC-F8C10E99ADD4}"
EndProject
Project("{2150E333-8FDC-42A3-9474-1A3956D46DE8}") = "Services", "Services", "{D8EA86BA-5BAA-4303-8FF3-25DFD4C1E285}"
EndProject
Project("{2150E333-8FDC-42A3-9474-1A3956D46DE8}") = "AuthService", "AuthService", "{09C8898C-0D2C-4544-94D8-5D3EF87E0A3E}"
EndProject
Project("{FAE04EC0-301F-11D3-BF4B-00C04F79EFBC}") = "Auth.API", "Services\AuthService\Auth.API\Auth.API.csproj", "{33053253-10C7-4A27-B9AD-72F5E167ED6F}"
EndProject
Project("{FAE04EC0-301F-11D3-BF4B-00C04F79EFBC}") = "Auth.Application", "Services\AuthService\Auth.Application\Auth.Application.csproj", "{25362CAD-A644-46FC-9EEB-ACF6BFB3DB9C}"
EndProject
Project("{FAE04EC0-301F-11D3-BF4B-00C04F79EFBC}") = "Auth.Domain", "Services\AuthService\Auth.Domain\Auth.Domain.csproj", "{08D85F2B-3441-4610-A8F0-0BFAF88C5963}"
EndProject
Project("{FAE04EC0-301F-11D3-BF4B-00C04F79EFBC}") = "Auth.Infrastructure", "Services\AuthService\Auth.Infrastructure\Auth.Infrastructure.csproj", "{16B0E072-FA67-4484-8083-B3FF38C3929C}"
EndProject
Project("{2150E333-8FDC-42A3-9474-1A3956D46DE8}") = "EmployeeService", "EmployeeService", "{F2CC1E81-BA91-48E9-BFAE-D2F32098777F}"
EndProject
Project("{FAE04EC0-301F-11D3-BF4B-00C04F79EFBC}") = "Employee.API", "Services\EmployeeService\Employee.API\Employee.API.csproj", "{1134BC30-F176-47DE-B8F9-DB62A0BCE0B3}"
EndProject
Project("{FAE04EC0-301F-11D3-BF4B-00C04F79EFBC}") = "Employee.Application", "Services\EmployeeService\Employee.Application\Employee.Application.csproj", "{83891196-E1BD-413B-8F34-DDB83FAB16C1}"
EndProject
Project("{FAE04EC0-301F-11D3-BF4B-00C04F79EFBC}") = "Employee.Domain", "Services\EmployeeService\Employee.Domain\Employee.Domain.csproj", "{0FD4CEA2-D3E1-4075-9181-D58185C81245}"
EndProject
Project("{FAE04EC0-301F-11D3-BF4B-00C04F79EFBC}") = "Employee.Infrastructure", "Services\EmployeeService\Employee.Infrastructure\Employee.Infrastructure.csproj", "{CA111697-D1BC-45AC-9D6D-C34FCB11BBD3}"
EndProject
Project("{FAE04EC0-301F-11D3-BF4B-00C04F79EFBC}") = "ApiGateway", "ApiGateway\ApiGateway.csproj", "{68B671D3-7E7F-4DEC-989B-B7A2EF8D1414}"
EndProject
Project("{2150E333-8FDC-42A3-9474-1A3956D46DE8}") = "TenantService", "TenantService", "{CBA064A0-6222-4F1C-8FBC-0A6159A00E7B}"
EndProject
Project("{FAE04EC0-301F-11D3-BF4B-00C04F79EFBC}") = "Tenant.API", "Services\TenantService\Tenant.API\Tenant.API.csproj", "{E53A077D-7957-4D2A-BD49-A591A8676016}"
EndProject
Project("{FAE04EC0-301F-11D3-BF4B-00C04F79EFBC}") = "Tenant.Application", "Services\TenantService\Tenant.Application\Tenant.Application.csproj", "{EE5A270D-00EE-47E0-B8E5-D74F8715D89E}"
EndProject
Project("{FAE04EC0-301F-11D3-BF4B-00C04F79EFBC}") = "Tenant.Domain", "Services\TenantService\Tenant.Domain\Tenant.Domain.csproj", "{A8B1F0E6-6291-4C14-AA06-C708F1DED881}"
EndProject
Project("{FAE04EC0-301F-11D3-BF4B-00C04F79EFBC}") = "Tenant.Infrastructure", "Services\TenantService\Tenant.Infrastructure\Tenant.Infrastructure.csproj", "{260E13AF-F86F-48DE-8F1D-F6000823FEA8}"
EndProject
Project("{2150E333-8FDC-42A3-9474-1A3956D46DE8}") = "EmailService", "EmailService", "{A1A40A77-0BC2-4B3A-9589-59F79B34326A}"
EndProject
Project("{FAE04EC0-301F-11D3-BF4B-00C04F79EFBC}") = "EmailService", "Services\EmailService\EmailService\EmailService.csproj", "{560A8081-6D95-45FB-A1DA-AC70ED0D8DD1}"
EndProject
Project("{2150E333-8FDC-42A3-9474-1A3956D46DE8}") = "DashboardService", "DashboardService", "{A18D5589-97F7-4AD5-A0C2-95CD6E72B71C}"
EndProject
Project("{FAE04EC0-301F-11D3-BF4B-00C04F79EFBC}") = "Dashboard.API", "Services\DashboardService\Dashboard.API\Dashboard.API.csproj", "{1293408C-3AA0-4153-A904-E0777C947FD3}"
EndProject
Project("{FAE04EC0-301F-11D3-BF4B-00C04F79EFBC}") = "Dashboard.Application", "Services\DashboardService\Dashboard.Application\Dashboard.Application.csproj", "{FB7B62E1-E795-44F1-9C9E-B48533887C94}"
EndProject
Project("{FAE04EC0-301F-11D3-BF4B-00C04F79EFBC}") = "Dashboard.Domain", "Services\DashboardService\Dashboard.Domain\Dashboard.Domain.csproj", "{16EA1016-3802-4032-9EC1-036630C38FEB}"
EndProject
Project("{FAE04EC0-301F-11D3-BF4B-00C04F79EFBC}") = "Dashboard.Infrastructure", "Services\DashboardService\Dashboard.Infrastructure\Dashboard.Infrastructure.csproj", "{733EA3BF-C84C-4DAD-A35B-83A940AF373E}"
EndProject
Global
	GlobalSection(SolutionConfigurationPlatforms) = preSolution
		Debug|Any CPU = Debug|Any CPU
		Release|Any CPU = Release|Any CPU
	EndGlobalSection
	GlobalSection(SolutionProperties) = preSolution
		HideSolutionNode = FALSE
	EndGlobalSection
	GlobalSection(ProjectConfigurationPlatforms) = postSolution
		{FE22D89F-7ACC-4BAE-AEAC-F8C10E99ADD4}.Debug|Any CPU.ActiveCfg = Debug|Any CPU
		{FE22D89F-7ACC-4BAE-AEAC-F8C10E99ADD4}.Debug|Any CPU.Build.0 = Debug|Any CPU
		{FE22D89F-7ACC-4BAE-AEAC-F8C10E99ADD4}.Release|Any CPU.ActiveCfg = Release|Any CPU
		{FE22D89F-7ACC-4BAE-AEAC-F8C10E99ADD4}.Release|Any CPU.Build.0 = Release|Any CPU
		{33053253-10C7-4A27-B9AD-72F5E167ED6F}.Debug|Any CPU.ActiveCfg = Debug|Any CPU
		{33053253-10C7-4A27-B9AD-72F5E167ED6F}.Debug|Any CPU.Build.0 = Debug|Any CPU
		{33053253-10C7-4A27-B9AD-72F5E167ED6F}.Release|Any CPU.ActiveCfg = Release|Any CPU
		{33053253-10C7-4A27-B9AD-72F5E167ED6F}.Release|Any CPU.Build.0 = Release|Any CPU
		{25362CAD-A644-46FC-9EEB-ACF6BFB3DB9C}.Debug|Any CPU.ActiveCfg = Debug|Any CPU
		{25362CAD-A644-46FC-9EEB-ACF6BFB3DB9C}.Debug|Any CPU.Build.0 = Debug|Any CPU
		{25362CAD-A644-46FC-9EEB-ACF6BFB3DB9C}.Release|Any CPU.ActiveCfg = Release|Any CPU
		{25362CAD-A644-46FC-9EEB-ACF6BFB3DB9C}.Release|Any CPU.Build.0 = Release|Any CPU
		{08D85F2B-3441-4610-A8F0-0BFAF88C5963}.Debug|Any CPU.ActiveCfg = Debug|Any CPU
		{08D85F2B-3441-4610-A8F0-0BFAF88C5963}.Debug|Any CPU.Build.0 = Debug|Any CPU
		{08D85F2B-3441-4610-A8F0-0BFAF88C5963}.Release|Any CPU.ActiveCfg = Release|Any CPU
		{08D85F2B-3441-4610-A8F0-0BFAF88C5963}.Release|Any CPU.Build.0 = Release|Any CPU
		{16B0E072-FA67-4484-8083-B3FF38C3929C}.Debug|Any CPU.ActiveCfg = Debug|Any CPU
		{16B0E072-FA67-4484-8083-B3FF38C3929C}.Debug|Any CPU.Build.0 = Debug|Any CPU
		{16B0E072-FA67-4484-8083-B3FF38C3929C}.Release|Any CPU.ActiveCfg = Release|Any CPU
		{16B0E072-FA67-4484-8083-B3FF38C3929C}.Release|Any CPU.Build.0 = Release|Any CPU
		{1134BC30-F176-47DE-B8F9-DB62A0BCE0B3}.Debug|Any CPU.ActiveCfg = Debug|Any CPU
		{1134BC30-F176-47DE-B8F9-DB62A0BCE0B3}.Debug|Any CPU.Build.0 = Debug|Any CPU
		{1134BC30-F176-47DE-B8F9-DB62A0BCE0B3}.Release|Any CPU.ActiveCfg = Release|Any CPU
		{1134BC30-F176-47DE-B8F9-DB62A0BCE0B3}.Release|Any CPU.Build.0 = Release|Any CPU
		{83891196-E1BD-413B-8F34-DDB83FAB16C1}.Debug|Any CPU.ActiveCfg = Debug|Any CPU
		{83891196-E1BD-413B-8F34-DDB83FAB16C1}.Debug|Any CPU.Build.0 = Debug|Any CPU
		{83891196-E1BD-413B-8F34-DDB83FAB16C1}.Release|Any CPU.ActiveCfg = Release|Any CPU
		{83891196-E1BD-413B-8F34-DDB83FAB16C1}.Release|Any CPU.Build.0 = Release|Any CPU
		{0FD4CEA2-D3E1-4075-9181-D58185C81245}.Debug|Any CPU.ActiveCfg = Debug|Any CPU
		{0FD4CEA2-D3E1-4075-9181-D58185C81245}.Debug|Any CPU.Build.0 = Debug|Any CPU
		{0FD4CEA2-D3E1-4075-9181-D58185C81245}.Release|Any CPU.ActiveCfg = Release|Any CPU
		{0FD4CEA2-D3E1-4075-9181-D58185C81245}.Release|Any CPU.Build.0 = Release|Any CPU
		{CA111697-D1BC-45AC-9D6D-C34FCB11BBD3}.Debug|Any CPU.ActiveCfg = Debug|Any CPU
		{CA111697-D1BC-45AC-9D6D-C34FCB11BBD3}.Debug|Any CPU.Build.0 = Debug|Any CPU
		{CA111697-D1BC-45AC-9D6D-C34FCB11BBD3}.Release|Any CPU.ActiveCfg = Release|Any CPU
		{CA111697-D1BC-45AC-9D6D-C34FCB11BBD3}.Release|Any CPU.Build.0 = Release|Any CPU
		{68B671D3-7E7F-4DEC-989B-B7A2EF8D1414}.Debug|Any CPU.ActiveCfg = Debug|Any CPU
		{68B671D3-7E7F-4DEC-989B-B7A2EF8D1414}.Debug|Any CPU.Build.0 = Debug|Any CPU
		{68B671D3-7E7F-4DEC-989B-B7A2EF8D1414}.Release|Any CPU.ActiveCfg = Release|Any CPU
		{68B671D3-7E7F-4DEC-989B-B7A2EF8D1414}.Release|Any CPU.Build.0 = Release|Any CPU
		{E53A077D-7957-4D2A-BD49-A591A8676016}.Debug|Any CPU.ActiveCfg = Debug|Any CPU
		{E53A077D-7957-4D2A-BD49-A591A8676016}.Debug|Any CPU.Build.0 = Debug|Any CPU
		{E53A077D-7957-4D2A-BD49-A591A8676016}.Release|Any CPU.ActiveCfg = Release|Any CPU
		{E53A077D-7957-4D2A-BD49-A591A8676016}.Release|Any CPU.Build.0 = Release|Any CPU
		{EE5A270D-00EE-47E0-B8E5-D74F8715D89E}.Debug|Any CPU.ActiveCfg = Debug|Any CPU
		{EE5A270D-00EE-47E0-B8E5-D74F8715D89E}.Debug|Any CPU.Build.0 = Debug|Any CPU
		{EE5A270D-00EE-47E0-B8E5-D74F8715D89E}.Release|Any CPU.ActiveCfg = Release|Any CPU
		{EE5A270D-00EE-47E0-B8E5-D74F8715D89E}.Release|Any CPU.Build.0 = Release|Any CPU
		{A8B1F0E6-6291-4C14-AA06-C708F1DED881}.Debug|Any CPU.ActiveCfg = Debug|Any CPU
		{A8B1F0E6-6291-4C14-AA06-C708F1DED881}.Debug|Any CPU.Build.0 = Debug|Any CPU
		{A8B1F0E6-6291-4C14-AA06-C708F1DED881}.Release|Any CPU.ActiveCfg = Release|Any CPU
		{A8B1F0E6-6291-4C14-AA06-C708F1DED881}.Release|Any CPU.Build.0 = Release|Any CPU
		{260E13AF-F86F-48DE-8F1D-F6000823FEA8}.Debug|Any CPU.ActiveCfg = Debug|Any CPU
		{260E13AF-F86F-48DE-8F1D-F6000823FEA8}.Debug|Any CPU.Build.0 = Debug|Any CPU
		{260E13AF-F86F-48DE-8F1D-F6000823FEA8}.Release|Any CPU.ActiveCfg = Release|Any CPU
		{260E13AF-F86F-48DE-8F1D-F6000823FEA8}.Release|Any CPU.Build.0 = Release|Any CPU
		{560A8081-6D95-45FB-A1DA-AC70ED0D8DD1}.Debug|Any CPU.ActiveCfg = Debug|Any CPU
		{560A8081-6D95-45FB-A1DA-AC70ED0D8DD1}.Debug|Any CPU.Build.0 = Debug|Any CPU
		{560A8081-6D95-45FB-A1DA-AC70ED0D8DD1}.Release|Any CPU.ActiveCfg = Release|Any CPU
		{560A8081-6D95-45FB-A1DA-AC70ED0D8DD1}.Release|Any CPU.Build.0 = Release|Any CPU
		{1293408C-3AA0-4153-A904-E0777C947FD3}.Debug|Any CPU.ActiveCfg = Debug|Any CPU
		{1293408C-3AA0-4153-A904-E0777C947FD3}.Debug|Any CPU.Build.0 = Debug|Any CPU
		{1293408C-3AA0-4153-A904-E0777C947FD3}.Release|Any CPU.ActiveCfg = Release|Any CPU
		{1293408C-3AA0-4153-A904-E0777C947FD3}.Release|Any CPU.Build.0 = Release|Any CPU
		{FB7B62E1-E795-44F1-9C9E-B48533887C94}.Debug|Any CPU.ActiveCfg = Debug|Any CPU
		{FB7B62E1-E795-44F1-9C9E-B48533887C94}.Debug|Any CPU.Build.0 = Debug|Any CPU
		{FB7B62E1-E795-44F1-9C9E-B48533887C94}.Release|Any CPU.ActiveCfg = Release|Any CPU
		{FB7B62E1-E795-44F1-9C9E-B48533887C94}.Release|Any CPU.Build.0 = Release|Any CPU
		{16EA1016-3802-4032-9EC1-036630C38FEB}.Debug|Any CPU.ActiveCfg = Debug|Any CPU
		{16EA1016-3802-4032-9EC1-036630C38FEB}.Debug|Any CPU.Build.0 = Debug|Any CPU
		{16EA1016-3802-4032-9EC1-036630C38FEB}.Release|Any CPU.ActiveCfg = Release|Any CPU
		{16EA1016-3802-4032-9EC1-036630C38FEB}.Release|Any CPU.Build.0 = Release|Any CPU
		{733EA3BF-C84C-4DAD-A35B-83A940AF373E}.Debug|Any CPU.ActiveCfg = Debug|Any CPU
		{733EA3BF-C84C-4DAD-A35B-83A940AF373E}.Debug|Any CPU.Build.0 = Debug|Any CPU
		{733EA3BF-C84C-4DAD-A35B-83A940AF373E}.Release|Any CPU.ActiveCfg = Release|Any CPU
		{733EA3BF-C84C-4DAD-A35B-83A940AF373E}.Release|Any CPU.Build.0 = Release|Any CPU
	EndGlobalSection
	GlobalSection(NestedProjects) = preSolution
		{FE22D89F-7ACC-4BAE-AEAC-F8C10E99ADD4} = {24DDAD28-9B4F-42F8-B1BF-1FBE99E78E77}
		{09C8898C-0D2C-4544-94D8-5D3EF87E0A3E} = {D8EA86BA-5BAA-4303-8FF3-25DFD4C1E285}
		{33053253-10C7-4A27-B9AD-72F5E167ED6F} = {09C8898C-0D2C-4544-94D8-5D3EF87E0A3E}
		{25362CAD-A644-46FC-9EEB-ACF6BFB3DB9C} = {09C8898C-0D2C-4544-94D8-5D3EF87E0A3E}
		{08D85F2B-3441-4610-A8F0-0BFAF88C5963} = {09C8898C-0D2C-4544-94D8-5D3EF87E0A3E}
		{16B0E072-FA67-4484-8083-B3FF38C3929C} = {09C8898C-0D2C-4544-94D8-5D3EF87E0A3E}
		{F2CC1E81-BA91-48E9-BFAE-D2F32098777F} = {D8EA86BA-5BAA-4303-8FF3-25DFD4C1E285}
		{1134BC30-F176-47DE-B8F9-DB62A0BCE0B3} = {F2CC1E81-BA91-48E9-BFAE-D2F32098777F}
		{83891196-E1BD-413B-8F34-DDB83FAB16C1} = {F2CC1E81-BA91-48E9-BFAE-D2F32098777F}
		{0FD4CEA2-D3E1-4075-9181-D58185C81245} = {F2CC1E81-BA91-48E9-BFAE-D2F32098777F}
		{CA111697-D1BC-45AC-9D6D-C34FCB11BBD3} = {F2CC1E81-BA91-48E9-BFAE-D2F32098777F}
		{CBA064A0-6222-4F1C-8FBC-0A6159A00E7B} = {D8EA86BA-5BAA-4303-8FF3-25DFD4C1E285}
		{E53A077D-7957-4D2A-BD49-A591A8676016} = {CBA064A0-6222-4F1C-8FBC-0A6159A00E7B}
		{EE5A270D-00EE-47E0-B8E5-D74F8715D89E} = {CBA064A0-6222-4F1C-8FBC-0A6159A00E7B}
		{A8B1F0E6-6291-4C14-AA06-C708F1DED881} = {CBA064A0-6222-4F1C-8FBC-0A6159A00E7B}
		{260E13AF-F86F-48DE-8F1D-F6000823FEA8} = {CBA064A0-6222-4F1C-8FBC-0A6159A00E7B}
		{A1A40A77-0BC2-4B3A-9589-59F79B34326A} = {D8EA86BA-5BAA-4303-8FF3-25DFD4C1E285}
		{560A8081-6D95-45FB-A1DA-AC70ED0D8DD1} = {A1A40A77-0BC2-4B3A-9589-59F79B34326A}
		{A18D5589-97F7-4AD5-A0C2-95CD6E72B71C} = {D8EA86BA-5BAA-4303-8FF3-25DFD4C1E285}
		{1293408C-3AA0-4153-A904-E0777C947FD3} = {A18D5589-97F7-4AD5-A0C2-95CD6E72B71C}
		{FB7B62E1-E795-44F1-9C9E-B48533887C94} = {A18D5589-97F7-4AD5-A0C2-95CD6E72B71C}
		{16EA1016-3802-4032-9EC1-036630C38FEB} = {A18D5589-97F7-4AD5-A0C2-95CD6E72B71C}
		{733EA3BF-C84C-4DAD-A35B-83A940AF373E} = {A18D5589-97F7-4AD5-A0C2-95CD6E72B71C}
	EndGlobalSection
EndGlobal
